// !$*UTF8*$!
{
	archiveVersion = 1;
	classes = {
	};
	objectVersion = 50;
	objects = {

/* Begin PBXBuildFile section */
		06CD0D857C3C71D09FDA5C0C /* Pods_UpdaterSystemUITests.framework in Frameworks */ = {isa = PBXBuildFile; fileRef = 289B974EF00274F98600DCA9 /* Pods_UpdaterSystemUITests.framework */; };
		17D4786BD18E5F782D14FB0E /* Pods_UpdaterSystem.framework in Frameworks */ = {isa = PBXBuildFile; fileRef = 86B7630C0137463E7ABE1131 /* Pods_UpdaterSystem.framework */; };
		BA98FDCE061C144CCE7A2CEE /* Pods_UpdaterSystemTests.framework in Frameworks */ = {isa = PBXBuildFile; fileRef = 27B2A9F1C8AE05B1A6EA51EB /* Pods_UpdaterSystemTests.framework */; };
		EC2BDE4A20D1A4FB005C93B6 /* SensorFirmwareUpdateManager.swift in Sources */ = {isa = PBXBuildFile; fileRef = EC2BDE4920D1A4FB005C93B6 /* SensorFirmwareUpdateManager.swift */; };
		EC2BDE4E20D3EF6A005C93B6 /* Constants.swift in Sources */ = {isa = PBXBuildFile; fileRef = EC2BDE4D20D3EF6A005C93B6 /* Constants.swift */; };
		ECAB7C0820D18ADD0078A0E2 /* UpdateSensorFirmwareViewController.swift in Sources */ = {isa = PBXBuildFile; fileRef = ECAB7C0720D18ADD0078A0E2 /* UpdateSensorFirmwareViewController.swift */; };
		ECAB7C0A20D18B1C0078A0E2 /* UpdateSensorFirmware.storyboard in Resources */ = {isa = PBXBuildFile; fileRef = ECAB7C0920D18B1C0078A0E2 /* UpdateSensorFirmware.storyboard */; };
		ECCFD7E920D1602D003DFF96 /* AppDelegate.swift in Sources */ = {isa = PBXBuildFile; fileRef = ECCFD7E820D1602D003DFF96 /* AppDelegate.swift */; };
		ECCFD7EB20D1602D003DFF96 /* ViewController.swift in Sources */ = {isa = PBXBuildFile; fileRef = ECCFD7EA20D1602D003DFF96 /* ViewController.swift */; };
		ECCFD7EE20D1602D003DFF96 /* Main.storyboard in Resources */ = {isa = PBXBuildFile; fileRef = ECCFD7EC20D1602D003DFF96 /* Main.storyboard */; };
		ECCFD7F020D16030003DFF96 /* Assets.xcassets in Resources */ = {isa = PBXBuildFile; fileRef = ECCFD7EF20D16030003DFF96 /* Assets.xcassets */; };
		ECCFD7F320D16030003DFF96 /* LaunchScreen.storyboard in Resources */ = {isa = PBXBuildFile; fileRef = ECCFD7F120D16030003DFF96 /* LaunchScreen.storyboard */; };
		ECCFD7FE20D16030003DFF96 /* UpdaterSystemTests.swift in Sources */ = {isa = PBXBuildFile; fileRef = ECCFD7FD20D16030003DFF96 /* UpdaterSystemTests.swift */; };
		ECCFD80920D16030003DFF96 /* UpdaterSystemUITests.swift in Sources */ = {isa = PBXBuildFile; fileRef = ECCFD80820D16030003DFF96 /* UpdaterSystemUITests.swift */; };
/* End PBXBuildFile section */

/* Begin PBXContainerItemProxy section */
		ECCFD7FA20D16030003DFF96 /* PBXContainerItemProxy */ = {
			isa = PBXContainerItemProxy;
			containerPortal = ECCFD7DD20D1602D003DFF96 /* Project object */;
			proxyType = 1;
			remoteGlobalIDString = ECCFD7E420D1602D003DFF96;
			remoteInfo = UpdaterSystem;
		};
		ECCFD80520D16030003DFF96 /* PBXContainerItemProxy */ = {
			isa = PBXContainerItemProxy;
			containerPortal = ECCFD7DD20D1602D003DFF96 /* Project object */;
			proxyType = 1;
			remoteGlobalIDString = ECCFD7E420D1602D003DFF96;
			remoteInfo = UpdaterSystem;
		};
/* End PBXContainerItemProxy section */

/* Begin PBXFileReference section */
		27B2A9F1C8AE05B1A6EA51EB /* Pods_UpdaterSystemTests.framework */ = {isa = PBXFileReference; explicitFileType = wrapper.framework; includeInIndex = 0; path = Pods_UpdaterSystemTests.framework; sourceTree = BUILT_PRODUCTS_DIR; };
		289B974EF00274F98600DCA9 /* Pods_UpdaterSystemUITests.framework */ = {isa = PBXFileReference; explicitFileType = wrapper.framework; includeInIndex = 0; path = Pods_UpdaterSystemUITests.framework; sourceTree = BUILT_PRODUCTS_DIR; };
		4ED06E6BF70EDABCA0A4470B /* Pods-UpdaterSystemUITests.release.xcconfig */ = {isa = PBXFileReference; includeInIndex = 1; lastKnownFileType = text.xcconfig; name = "Pods-UpdaterSystemUITests.release.xcconfig"; path = "Pods/Target Support Files/Pods-UpdaterSystemUITests/Pods-UpdaterSystemUITests.release.xcconfig"; sourceTree = "<group>"; };
		7A6739780BB9FCBC648A4037 /* Pods-UpdaterSystem.debug.xcconfig */ = {isa = PBXFileReference; includeInIndex = 1; lastKnownFileType = text.xcconfig; name = "Pods-UpdaterSystem.debug.xcconfig"; path = "Pods/Target Support Files/Pods-UpdaterSystem/Pods-UpdaterSystem.debug.xcconfig"; sourceTree = "<group>"; };
		7F7E9C8122076BD0BD32F349 /* Pods-UpdaterSystem.release.xcconfig */ = {isa = PBXFileReference; includeInIndex = 1; lastKnownFileType = text.xcconfig; name = "Pods-UpdaterSystem.release.xcconfig"; path = "Pods/Target Support Files/Pods-UpdaterSystem/Pods-UpdaterSystem.release.xcconfig"; sourceTree = "<group>"; };
		850F939583CC530D285ED977 /* Pods-UpdaterSystemTests.release.xcconfig */ = {isa = PBXFileReference; includeInIndex = 1; lastKnownFileType = text.xcconfig; name = "Pods-UpdaterSystemTests.release.xcconfig"; path = "Pods/Target Support Files/Pods-UpdaterSystemTests/Pods-UpdaterSystemTests.release.xcconfig"; sourceTree = "<group>"; };
		86B7630C0137463E7ABE1131 /* Pods_UpdaterSystem.framework */ = {isa = PBXFileReference; explicitFileType = wrapper.framework; includeInIndex = 0; path = Pods_UpdaterSystem.framework; sourceTree = BUILT_PRODUCTS_DIR; };
		B85B121E21B6AE475794F826 /* Pods-UpdaterSystemTests.debug.xcconfig */ = {isa = PBXFileReference; includeInIndex = 1; lastKnownFileType = text.xcconfig; name = "Pods-UpdaterSystemTests.debug.xcconfig"; path = "Pods/Target Support Files/Pods-UpdaterSystemTests/Pods-UpdaterSystemTests.debug.xcconfig"; sourceTree = "<group>"; };
		CDA8974AD83577907FF0BC98 /* Pods-UpdaterSystemUITests.debug.xcconfig */ = {isa = PBXFileReference; includeInIndex = 1; lastKnownFileType = text.xcconfig; name = "Pods-UpdaterSystemUITests.debug.xcconfig"; path = "Pods/Target Support Files/Pods-UpdaterSystemUITests/Pods-UpdaterSystemUITests.debug.xcconfig"; sourceTree = "<group>"; };
		EC2BDE4920D1A4FB005C93B6 /* SensorFirmwareUpdateManager.swift */ = {isa = PBXFileReference; lastKnownFileType = sourcecode.swift; path = SensorFirmwareUpdateManager.swift; sourceTree = "<group>"; };
		EC2BDE4D20D3EF6A005C93B6 /* Constants.swift */ = {isa = PBXFileReference; lastKnownFileType = sourcecode.swift; path = Constants.swift; sourceTree = "<group>"; };
		ECAB7C0720D18ADD0078A0E2 /* UpdateSensorFirmwareViewController.swift */ = {isa = PBXFileReference; lastKnownFileType = sourcecode.swift; path = UpdateSensorFirmwareViewController.swift; sourceTree = "<group>"; };
		ECAB7C0920D18B1C0078A0E2 /* UpdateSensorFirmware.storyboard */ = {isa = PBXFileReference; lastKnownFileType = file.storyboard; path = UpdateSensorFirmware.storyboard; sourceTree = "<group>"; };
		ECCFD7E520D1602D003DFF96 /* UpdaterSystem.app */ = {isa = PBXFileReference; explicitFileType = wrapper.application; includeInIndex = 0; path = UpdaterSystem.app; sourceTree = BUILT_PRODUCTS_DIR; };
		ECCFD7E820D1602D003DFF96 /* AppDelegate.swift */ = {isa = PBXFileReference; lastKnownFileType = sourcecode.swift; path = AppDelegate.swift; sourceTree = "<group>"; };
		ECCFD7EA20D1602D003DFF96 /* ViewController.swift */ = {isa = PBXFileReference; lastKnownFileType = sourcecode.swift; path = ViewController.swift; sourceTree = "<group>"; };
		ECCFD7ED20D1602D003DFF96 /* Base */ = {isa = PBXFileReference; lastKnownFileType = file.storyboard; name = Base; path = Base.lproj/Main.storyboard; sourceTree = "<group>"; };
		ECCFD7EF20D16030003DFF96 /* Assets.xcassets */ = {isa = PBXFileReference; lastKnownFileType = folder.assetcatalog; path = Assets.xcassets; sourceTree = "<group>"; };
		ECCFD7F220D16030003DFF96 /* Base */ = {isa = PBXFileReference; lastKnownFileType = file.storyboard; name = Base; path = Base.lproj/LaunchScreen.storyboard; sourceTree = "<group>"; };
		ECCFD7F420D16030003DFF96 /* Info.plist */ = {isa = PBXFileReference; lastKnownFileType = text.plist.xml; path = Info.plist; sourceTree = "<group>"; };
		ECCFD7F920D16030003DFF96 /* UpdaterSystemTests.xctest */ = {isa = PBXFileReference; explicitFileType = wrapper.cfbundle; includeInIndex = 0; path = UpdaterSystemTests.xctest; sourceTree = BUILT_PRODUCTS_DIR; };
		ECCFD7FD20D16030003DFF96 /* UpdaterSystemTests.swift */ = {isa = PBXFileReference; lastKnownFileType = sourcecode.swift; path = UpdaterSystemTests.swift; sourceTree = "<group>"; };
		ECCFD7FF20D16030003DFF96 /* Info.plist */ = {isa = PBXFileReference; lastKnownFileType = text.plist.xml; path = Info.plist; sourceTree = "<group>"; };
		ECCFD80420D16030003DFF96 /* UpdaterSystemUITests.xctest */ = {isa = PBXFileReference; explicitFileType = wrapper.cfbundle; includeInIndex = 0; path = UpdaterSystemUITests.xctest; sourceTree = BUILT_PRODUCTS_DIR; };
		ECCFD80820D16030003DFF96 /* UpdaterSystemUITests.swift */ = {isa = PBXFileReference; lastKnownFileType = sourcecode.swift; path = UpdaterSystemUITests.swift; sourceTree = "<group>"; };
		ECCFD80A20D16030003DFF96 /* Info.plist */ = {isa = PBXFileReference; lastKnownFileType = text.plist.xml; path = Info.plist; sourceTree = "<group>"; };
/* End PBXFileReference section */

/* Begin PBXFrameworksBuildPhase section */
		ECCFD7E220D1602D003DFF96 /* Frameworks */ = {
			isa = PBXFrameworksBuildPhase;
			buildActionMask = 2147483647;
			files = (
				17D4786BD18E5F782D14FB0E /* Pods_UpdaterSystem.framework in Frameworks */,
			);
			runOnlyForDeploymentPostprocessing = 0;
		};
		ECCFD7F620D16030003DFF96 /* Frameworks */ = {
			isa = PBXFrameworksBuildPhase;
			buildActionMask = 2147483647;
			files = (
				BA98FDCE061C144CCE7A2CEE /* Pods_UpdaterSystemTests.framework in Frameworks */,
			);
			runOnlyForDeploymentPostprocessing = 0;
		};
		ECCFD80120D16030003DFF96 /* Frameworks */ = {
			isa = PBXFrameworksBuildPhase;
			buildActionMask = 2147483647;
			files = (
				06CD0D857C3C71D09FDA5C0C /* Pods_UpdaterSystemUITests.framework in Frameworks */,
			);
			runOnlyForDeploymentPostprocessing = 0;
		};
/* End PBXFrameworksBuildPhase section */

/* Begin PBXGroup section */
		8C4FEA2ACC1298098C241B3E /* Frameworks */ = {
			isa = PBXGroup;
			children = (
				86B7630C0137463E7ABE1131 /* Pods_UpdaterSystem.framework */,
				27B2A9F1C8AE05B1A6EA51EB /* Pods_UpdaterSystemTests.framework */,
				289B974EF00274F98600DCA9 /* Pods_UpdaterSystemUITests.framework */,
			);
			name = Frameworks;
			sourceTree = "<group>";
		};
		ECAB7C0520D163950078A0E2 /* UpdateFlow */ = {
			isa = PBXGroup;
			children = (
				ECAB7C0720D18ADD0078A0E2 /* UpdateSensorFirmwareViewController.swift */,
				ECAB7C0920D18B1C0078A0E2 /* UpdateSensorFirmware.storyboard */,
			);
			path = UpdateFlow;
			sourceTree = "<group>";
		};
		ECAB7C0620D189F90078A0E2 /* Utils */ = {
			isa = PBXGroup;
			children = (
				EC2BDE4920D1A4FB005C93B6 /* SensorFirmwareUpdateManager.swift */,
				EC2BDE4D20D3EF6A005C93B6 /* Constants.swift */,
			);
			path = Utils;
			sourceTree = "<group>";
		};
		ECCFD7DC20D1602D003DFF96 = {
			isa = PBXGroup;
			children = (
				ECCFD7E720D1602D003DFF96 /* UpdaterSystem */,
				ECCFD7FC20D16030003DFF96 /* UpdaterSystemTests */,
				ECCFD80720D16030003DFF96 /* UpdaterSystemUITests */,
				ECCFD7E620D1602D003DFF96 /* Products */,
				EE0363785B5FEB3E229F51C6 /* Pods */,
				8C4FEA2ACC1298098C241B3E /* Frameworks */,
			);
			sourceTree = "<group>";
		};
		ECCFD7E620D1602D003DFF96 /* Products */ = {
			isa = PBXGroup;
			children = (
				ECCFD7E520D1602D003DFF96 /* UpdaterSystem.app */,
				ECCFD7F920D16030003DFF96 /* UpdaterSystemTests.xctest */,
				ECCFD80420D16030003DFF96 /* UpdaterSystemUITests.xctest */,
			);
			name = Products;
			sourceTree = "<group>";
		};
		ECCFD7E720D1602D003DFF96 /* UpdaterSystem */ = {
			isa = PBXGroup;
			children = (
				ECAB7C0620D189F90078A0E2 /* Utils */,
				ECAB7C0520D163950078A0E2 /* UpdateFlow */,
				ECCFD7E820D1602D003DFF96 /* AppDelegate.swift */,
				ECCFD7EA20D1602D003DFF96 /* ViewController.swift */,
				ECCFD7EC20D1602D003DFF96 /* Main.storyboard */,
				ECCFD7EF20D16030003DFF96 /* Assets.xcassets */,
				ECCFD7F120D16030003DFF96 /* LaunchScreen.storyboard */,
				ECCFD7F420D16030003DFF96 /* Info.plist */,
			);
			path = UpdaterSystem;
			sourceTree = "<group>";
		};
		ECCFD7FC20D16030003DFF96 /* UpdaterSystemTests */ = {
			isa = PBXGroup;
			children = (
				ECCFD7FD20D16030003DFF96 /* UpdaterSystemTests.swift */,
				ECCFD7FF20D16030003DFF96 /* Info.plist */,
			);
			path = UpdaterSystemTests;
			sourceTree = "<group>";
		};
		ECCFD80720D16030003DFF96 /* UpdaterSystemUITests */ = {
			isa = PBXGroup;
			children = (
				ECCFD80820D16030003DFF96 /* UpdaterSystemUITests.swift */,
				ECCFD80A20D16030003DFF96 /* Info.plist */,
			);
			path = UpdaterSystemUITests;
			sourceTree = "<group>";
		};
		EE0363785B5FEB3E229F51C6 /* Pods */ = {
			isa = PBXGroup;
			children = (
				7A6739780BB9FCBC648A4037 /* Pods-UpdaterSystem.debug.xcconfig */,
				7F7E9C8122076BD0BD32F349 /* Pods-UpdaterSystem.release.xcconfig */,
				B85B121E21B6AE475794F826 /* Pods-UpdaterSystemTests.debug.xcconfig */,
				850F939583CC530D285ED977 /* Pods-UpdaterSystemTests.release.xcconfig */,
				CDA8974AD83577907FF0BC98 /* Pods-UpdaterSystemUITests.debug.xcconfig */,
				4ED06E6BF70EDABCA0A4470B /* Pods-UpdaterSystemUITests.release.xcconfig */,
			);
			name = Pods;
			sourceTree = "<group>";
		};
/* End PBXGroup section */

/* Begin PBXNativeTarget section */
		ECCFD7E420D1602D003DFF96 /* UpdaterSystem */ = {
			isa = PBXNativeTarget;
			buildConfigurationList = ECCFD80D20D16030003DFF96 /* Build configuration list for PBXNativeTarget "UpdaterSystem" */;
			buildPhases = (
				505F57CAB0765B6D6F810564 /* [CP] Check Pods Manifest.lock */,
				EC2BDE5120D3FCBD005C93B6 /* ShellScript */,
				ECCFD7E120D1602D003DFF96 /* Sources */,
				ECCFD7E220D1602D003DFF96 /* Frameworks */,
				ECCFD7E320D1602D003DFF96 /* Resources */,
				4ECAB71BE30A44DDD3828AD4 /* [CP] Embed Pods Frameworks */,
			);
			buildRules = (
			);
			dependencies = (
			);
			name = UpdaterSystem;
			productName = UpdaterSystem;
			productReference = ECCFD7E520D1602D003DFF96 /* UpdaterSystem.app */;
			productType = "com.apple.product-type.application";
		};
		ECCFD7F820D16030003DFF96 /* UpdaterSystemTests */ = {
			isa = PBXNativeTarget;
			buildConfigurationList = ECCFD81020D16030003DFF96 /* Build configuration list for PBXNativeTarget "UpdaterSystemTests" */;
			buildPhases = (
				1C0AD6449110D0D96DC7E514 /* [CP] Check Pods Manifest.lock */,
				ECCFD7F520D16030003DFF96 /* Sources */,
				ECCFD7F620D16030003DFF96 /* Frameworks */,
				ECCFD7F720D16030003DFF96 /* Resources */,
			);
			buildRules = (
			);
			dependencies = (
				ECCFD7FB20D16030003DFF96 /* PBXTargetDependency */,
			);
			name = UpdaterSystemTests;
			productName = UpdaterSystemTests;
			productReference = ECCFD7F920D16030003DFF96 /* UpdaterSystemTests.xctest */;
			productType = "com.apple.product-type.bundle.unit-test";
		};
		ECCFD80320D16030003DFF96 /* UpdaterSystemUITests */ = {
			isa = PBXNativeTarget;
			buildConfigurationList = ECCFD81320D16030003DFF96 /* Build configuration list for PBXNativeTarget "UpdaterSystemUITests" */;
			buildPhases = (
				B94CB4BA530B15FA3E59FBC5 /* [CP] Check Pods Manifest.lock */,
				ECCFD80020D16030003DFF96 /* Sources */,
				ECCFD80120D16030003DFF96 /* Frameworks */,
				ECCFD80220D16030003DFF96 /* Resources */,
			);
			buildRules = (
			);
			dependencies = (
				ECCFD80620D16030003DFF96 /* PBXTargetDependency */,
			);
			name = UpdaterSystemUITests;
			productName = UpdaterSystemUITests;
			productReference = ECCFD80420D16030003DFF96 /* UpdaterSystemUITests.xctest */;
			productType = "com.apple.product-type.bundle.ui-testing";
		};
/* End PBXNativeTarget section */

/* Begin PBXProject section */
		ECCFD7DD20D1602D003DFF96 /* Project object */ = {
			isa = PBXProject;
			attributes = {
				LastSwiftUpdateCheck = 0940;
				LastUpgradeCheck = 0940;
				ORGANIZATIONNAME = REDISON;
				TargetAttributes = {
					ECCFD7E420D1602D003DFF96 = {
						CreatedOnToolsVersion = 9.4;
					};
					ECCFD7F820D16030003DFF96 = {
						CreatedOnToolsVersion = 9.4;
						TestTargetID = ECCFD7E420D1602D003DFF96;
					};
					ECCFD80320D16030003DFF96 = {
						CreatedOnToolsVersion = 9.4;
						TestTargetID = ECCFD7E420D1602D003DFF96;
					};
				};
			};
			buildConfigurationList = ECCFD7E020D1602D003DFF96 /* Build configuration list for PBXProject "UpdaterSystem" */;
			compatibilityVersion = "Xcode 9.3";
			developmentRegion = en;
			hasScannedForEncodings = 0;
			knownRegions = (
				en,
				Base,
			);
			mainGroup = ECCFD7DC20D1602D003DFF96;
			productRefGroup = ECCFD7E620D1602D003DFF96 /* Products */;
			projectDirPath = "";
			projectRoot = "";
			targets = (
				ECCFD7E420D1602D003DFF96 /* UpdaterSystem */,
				ECCFD7F820D16030003DFF96 /* UpdaterSystemTests */,
				ECCFD80320D16030003DFF96 /* UpdaterSystemUITests */,
			);
		};
/* End PBXProject section */

/* Begin PBXResourcesBuildPhase section */
		ECCFD7E320D1602D003DFF96 /* Resources */ = {
			isa = PBXResourcesBuildPhase;
			buildActionMask = 2147483647;
			files = (
				ECAB7C0A20D18B1C0078A0E2 /* UpdateSensorFirmware.storyboard in Resources */,
				ECCFD7F320D16030003DFF96 /* LaunchScreen.storyboard in Resources */,
				ECCFD7F020D16030003DFF96 /* Assets.xcassets in Resources */,
				ECCFD7EE20D1602D003DFF96 /* Main.storyboard in Resources */,
			);
			runOnlyForDeploymentPostprocessing = 0;
		};
		ECCFD7F720D16030003DFF96 /* Resources */ = {
			isa = PBXResourcesBuildPhase;
			buildActionMask = 2147483647;
			files = (
			);
			runOnlyForDeploymentPostprocessing = 0;
		};
		ECCFD80220D16030003DFF96 /* Resources */ = {
			isa = PBXResourcesBuildPhase;
			buildActionMask = 2147483647;
			files = (
			);
			runOnlyForDeploymentPostprocessing = 0;
		};
/* End PBXResourcesBuildPhase section */

/* Begin PBXShellScriptBuildPhase section */
		1C0AD6449110D0D96DC7E514 /* [CP] Check Pods Manifest.lock */ = {
			isa = PBXShellScriptBuildPhase;
			buildActionMask = 2147483647;
			files = (
			);
			inputPaths = (
				"${PODS_PODFILE_DIR_PATH}/Podfile.lock",
				"${PODS_ROOT}/Manifest.lock",
			);
			name = "[CP] Check Pods Manifest.lock";
			outputPaths = (
				"$(DERIVED_FILE_DIR)/Pods-UpdaterSystemTests-checkManifestLockResult.txt",
			);
			runOnlyForDeploymentPostprocessing = 0;
			shellPath = /bin/sh;
			shellScript = "diff \"${PODS_PODFILE_DIR_PATH}/Podfile.lock\" \"${PODS_ROOT}/Manifest.lock\" > /dev/null\nif [ $? != 0 ] ; then\n    # print error to STDERR\n    echo \"error: The sandbox is not in sync with the Podfile.lock. Run 'pod install' or update your CocoaPods installation.\" >&2\n    exit 1\nfi\n# This output is used by Xcode 'outputs' to avoid re-running this script phase.\necho \"SUCCESS\" > \"${SCRIPT_OUTPUT_FILE_0}\"\n";
			showEnvVarsInLog = 0;
		};
		4ECAB71BE30A44DDD3828AD4 /* [CP] Embed Pods Frameworks */ = {
			isa = PBXShellScriptBuildPhase;
			buildActionMask = 2147483647;
			files = (
			);
			inputPaths = (
				"${SRCROOT}/Pods/Target Support Files/Pods-UpdaterSystem/Pods-UpdaterSystem-frameworks.sh",
				"${BUILT_PRODUCTS_DIR}/RxBluetoothKit/RxBluetoothKit.framework",
				"${BUILT_PRODUCTS_DIR}/RxCocoa/RxCocoa.framework",
				"${BUILT_PRODUCTS_DIR}/RxSwift/RxSwift.framework",
				"${BUILT_PRODUCTS_DIR}/RxSwiftExt/RxSwiftExt.framework",
				"${BUILT_PRODUCTS_DIR}/Zip/Zip.framework",
				"${BUILT_PRODUCTS_DIR}/iOSDFULibrary/iOSDFULibrary.framework",
			);
			name = "[CP] Embed Pods Frameworks";
			outputPaths = (
				"${TARGET_BUILD_DIR}/${FRAMEWORKS_FOLDER_PATH}/RxBluetoothKit.framework",
				"${TARGET_BUILD_DIR}/${FRAMEWORKS_FOLDER_PATH}/RxCocoa.framework",
				"${TARGET_BUILD_DIR}/${FRAMEWORKS_FOLDER_PATH}/RxSwift.framework",
				"${TARGET_BUILD_DIR}/${FRAMEWORKS_FOLDER_PATH}/RxSwiftExt.framework",
				"${TARGET_BUILD_DIR}/${FRAMEWORKS_FOLDER_PATH}/Zip.framework",
				"${TARGET_BUILD_DIR}/${FRAMEWORKS_FOLDER_PATH}/iOSDFULibrary.framework",
			);
			runOnlyForDeploymentPostprocessing = 0;
			shellPath = /bin/sh;
			shellScript = "\"${SRCROOT}/Pods/Target Support Files/Pods-UpdaterSystem/Pods-UpdaterSystem-frameworks.sh\"\n";
			showEnvVarsInLog = 0;
		};
		505F57CAB0765B6D6F810564 /* [CP] Check Pods Manifest.lock */ = {
			isa = PBXShellScriptBuildPhase;
			buildActionMask = 2147483647;
			files = (
			);
			inputPaths = (
				"${PODS_PODFILE_DIR_PATH}/Podfile.lock",
				"${PODS_ROOT}/Manifest.lock",
			);
			name = "[CP] Check Pods Manifest.lock";
			outputPaths = (
				"$(DERIVED_FILE_DIR)/Pods-UpdaterSystem-checkManifestLockResult.txt",
			);
			runOnlyForDeploymentPostprocessing = 0;
			shellPath = /bin/sh;
			shellScript = "diff \"${PODS_PODFILE_DIR_PATH}/Podfile.lock\" \"${PODS_ROOT}/Manifest.lock\" > /dev/null\nif [ $? != 0 ] ; then\n    # print error to STDERR\n    echo \"error: The sandbox is not in sync with the Podfile.lock. Run 'pod install' or update your CocoaPods installation.\" >&2\n    exit 1\nfi\n# This output is used by Xcode 'outputs' to avoid re-running this script phase.\necho \"SUCCESS\" > \"${SCRIPT_OUTPUT_FILE_0}\"\n";
			showEnvVarsInLog = 0;
		};
		B94CB4BA530B15FA3E59FBC5 /* [CP] Check Pods Manifest.lock */ = {
			isa = PBXShellScriptBuildPhase;
			buildActionMask = 2147483647;
			files = (
			);
			inputPaths = (
				"${PODS_PODFILE_DIR_PATH}/Podfile.lock",
				"${PODS_ROOT}/Manifest.lock",
			);
			name = "[CP] Check Pods Manifest.lock";
			outputPaths = (
				"$(DERIVED_FILE_DIR)/Pods-UpdaterSystemUITests-checkManifestLockResult.txt",
			);
			runOnlyForDeploymentPostprocessing = 0;
			shellPath = /bin/sh;
			shellScript = "diff \"${PODS_PODFILE_DIR_PATH}/Podfile.lock\" \"${PODS_ROOT}/Manifest.lock\" > /dev/null\nif [ $? != 0 ] ; then\n    # print error to STDERR\n    echo \"error: The sandbox is not in sync with the Podfile.lock. Run 'pod install' or update your CocoaPods installation.\" >&2\n    exit 1\nfi\n# This output is used by Xcode 'outputs' to avoid re-running this script phase.\necho \"SUCCESS\" > \"${SCRIPT_OUTPUT_FILE_0}\"\n";
			showEnvVarsInLog = 0;
		};
		EC2BDE5120D3FCBD005C93B6 /* ShellScript */ = {
			isa = PBXShellScriptBuildPhase;
			buildActionMask = 2147483647;
			files = (
			);
			inputPaths = (
			);
			outputPaths = (
			);
			runOnlyForDeploymentPostprocessing = 0;
			shellPath = /bin/sh;
			shellScript = "if which swiftlint >/dev/null; then\nswiftlint\nelse\necho \"warning: SwiftLint not installed, download from https://github.com/realm/SwiftLint\"\nfi";
		};
/* End PBXShellScriptBuildPhase section */

/* Begin PBXSourcesBuildPhase section */
		ECCFD7E120D1602D003DFF96 /* Sources */ = {
			isa = PBXSourcesBuildPhase;
			buildActionMask = 2147483647;
			files = (
				EC2BDE4A20D1A4FB005C93B6 /* SensorFirmwareUpdateManager.swift in Sources */,
				ECCFD7EB20D1602D003DFF96 /* ViewController.swift in Sources */,
				ECAB7C0820D18ADD0078A0E2 /* UpdateSensorFirmwareViewController.swift in Sources */,
				EC2BDE4E20D3EF6A005C93B6 /* Constants.swift in Sources */,
				ECCFD7E920D1602D003DFF96 /* AppDelegate.swift in Sources */,
			);
			runOnlyForDeploymentPostprocessing = 0;
		};
		ECCFD7F520D16030003DFF96 /* Sources */ = {
			isa = PBXSourcesBuildPhase;
			buildActionMask = 2147483647;
			files = (
				ECCFD7FE20D16030003DFF96 /* UpdaterSystemTests.swift in Sources */,
			);
			runOnlyForDeploymentPostprocessing = 0;
		};
		ECCFD80020D16030003DFF96 /* Sources */ = {
			isa = PBXSourcesBuildPhase;
			buildActionMask = 2147483647;
			files = (
				ECCFD80920D16030003DFF96 /* UpdaterSystemUITests.swift in Sources */,
			);
			runOnlyForDeploymentPostprocessing = 0;
		};
/* End PBXSourcesBuildPhase section */

/* Begin PBXTargetDependency section */
		ECCFD7FB20D16030003DFF96 /* PBXTargetDependency */ = {
			isa = PBXTargetDependency;
			target = ECCFD7E420D1602D003DFF96 /* UpdaterSystem */;
			targetProxy = ECCFD7FA20D16030003DFF96 /* PBXContainerItemProxy */;
		};
		ECCFD80620D16030003DFF96 /* PBXTargetDependency */ = {
			isa = PBXTargetDependency;
			target = ECCFD7E420D1602D003DFF96 /* UpdaterSystem */;
			targetProxy = ECCFD80520D16030003DFF96 /* PBXContainerItemProxy */;
		};
/* End PBXTargetDependency section */

/* Begin PBXVariantGroup section */
		ECCFD7EC20D1602D003DFF96 /* Main.storyboard */ = {
			isa = PBXVariantGroup;
			children = (
				ECCFD7ED20D1602D003DFF96 /* Base */,
			);
			name = Main.storyboard;
			sourceTree = "<group>";
		};
		ECCFD7F120D16030003DFF96 /* LaunchScreen.storyboard */ = {
			isa = PBXVariantGroup;
			children = (
				ECCFD7F220D16030003DFF96 /* Base */,
			);
			name = LaunchScreen.storyboard;
			sourceTree = "<group>";
		};
/* End PBXVariantGroup section */

/* Begin XCBuildConfiguration section */
		ECCFD80B20D16030003DFF96 /* Debug */ = {
			isa = XCBuildConfiguration;
			buildSettings = {
				ALWAYS_SEARCH_USER_PATHS = NO;
				CLANG_ANALYZER_NONNULL = YES;
				CLANG_ANALYZER_NUMBER_OBJECT_CONVERSION = YES_AGGRESSIVE;
				CLANG_CXX_LANGUAGE_STANDARD = "gnu++14";
				CLANG_CXX_LIBRARY = "libc++";
				CLANG_ENABLE_MODULES = YES;
				CLANG_ENABLE_OBJC_ARC = YES;
				CLANG_ENABLE_OBJC_WEAK = YES;
				CLANG_WARN_BLOCK_CAPTURE_AUTORELEASING = YES;
				CLANG_WARN_BOOL_CONVERSION = YES;
				CLANG_WARN_COMMA = YES;
				CLANG_WARN_CONSTANT_CONVERSION = YES;
				CLANG_WARN_DEPRECATED_OBJC_IMPLEMENTATIONS = YES;
				CLANG_WARN_DIRECT_OBJC_ISA_USAGE = YES_ERROR;
				CLANG_WARN_DOCUMENTATION_COMMENTS = YES;
				CLANG_WARN_EMPTY_BODY = YES;
				CLANG_WARN_ENUM_CONVERSION = YES;
				CLANG_WARN_INFINITE_RECURSION = YES;
				CLANG_WARN_INT_CONVERSION = YES;
				CLANG_WARN_NON_LITERAL_NULL_CONVERSION = YES;
				CLANG_WARN_OBJC_IMPLICIT_RETAIN_SELF = YES;
				CLANG_WARN_OBJC_LITERAL_CONVERSION = YES;
				CLANG_WARN_OBJC_ROOT_CLASS = YES_ERROR;
				CLANG_WARN_RANGE_LOOP_ANALYSIS = YES;
				CLANG_WARN_STRICT_PROTOTYPES = YES;
				CLANG_WARN_SUSPICIOUS_MOVE = YES;
				CLANG_WARN_UNGUARDED_AVAILABILITY = YES_AGGRESSIVE;
				CLANG_WARN_UNREACHABLE_CODE = YES;
				CLANG_WARN__DUPLICATE_METHOD_MATCH = YES;
				CODE_SIGN_IDENTITY = "iPhone Developer";
				COPY_PHASE_STRIP = NO;
				DEBUG_INFORMATION_FORMAT = dwarf;
				ENABLE_STRICT_OBJC_MSGSEND = YES;
				ENABLE_TESTABILITY = YES;
				GCC_C_LANGUAGE_STANDARD = gnu11;
				GCC_DYNAMIC_NO_PIC = NO;
				GCC_NO_COMMON_BLOCKS = YES;
				GCC_OPTIMIZATION_LEVEL = 0;
				GCC_PREPROCESSOR_DEFINITIONS = (
					"DEBUG=1",
					"$(inherited)",
				);
				GCC_WARN_64_TO_32_BIT_CONVERSION = YES;
				GCC_WARN_ABOUT_RETURN_TYPE = YES_ERROR;
				GCC_WARN_UNDECLARED_SELECTOR = YES;
				GCC_WARN_UNINITIALIZED_AUTOS = YES_AGGRESSIVE;
				GCC_WARN_UNUSED_FUNCTION = YES;
				GCC_WARN_UNUSED_VARIABLE = YES;
				IPHONEOS_DEPLOYMENT_TARGET = 11.4;
				MTL_ENABLE_DEBUG_INFO = YES;
				ONLY_ACTIVE_ARCH = YES;
				SDKROOT = iphoneos;
				SWIFT_ACTIVE_COMPILATION_CONDITIONS = DEBUG;
				SWIFT_OPTIMIZATION_LEVEL = "-Onone";
			};
			name = Debug;
		};
		ECCFD80C20D16030003DFF96 /* Release */ = {
			isa = XCBuildConfiguration;
			buildSettings = {
				ALWAYS_SEARCH_USER_PATHS = NO;
				CLANG_ANALYZER_NONNULL = YES;
				CLANG_ANALYZER_NUMBER_OBJECT_CONVERSION = YES_AGGRESSIVE;
				CLANG_CXX_LANGUAGE_STANDARD = "gnu++14";
				CLANG_CXX_LIBRARY = "libc++";
				CLANG_ENABLE_MODULES = YES;
				CLANG_ENABLE_OBJC_ARC = YES;
				CLANG_ENABLE_OBJC_WEAK = YES;
				CLANG_WARN_BLOCK_CAPTURE_AUTORELEASING = YES;
				CLANG_WARN_BOOL_CONVERSION = YES;
				CLANG_WARN_COMMA = YES;
				CLANG_WARN_CONSTANT_CONVERSION = YES;
				CLANG_WARN_DEPRECATED_OBJC_IMPLEMENTATIONS = YES;
				CLANG_WARN_DIRECT_OBJC_ISA_USAGE = YES_ERROR;
				CLANG_WARN_DOCUMENTATION_COMMENTS = YES;
				CLANG_WARN_EMPTY_BODY = YES;
				CLANG_WARN_ENUM_CONVERSION = YES;
				CLANG_WARN_INFINITE_RECURSION = YES;
				CLANG_WARN_INT_CONVERSION = YES;
				CLANG_WARN_NON_LITERAL_NULL_CONVERSION = YES;
				CLANG_WARN_OBJC_IMPLICIT_RETAIN_SELF = YES;
				CLANG_WARN_OBJC_LITERAL_CONVERSION = YES;
				CLANG_WARN_OBJC_ROOT_CLASS = YES_ERROR;
				CLANG_WARN_RANGE_LOOP_ANALYSIS = YES;
				CLANG_WARN_STRICT_PROTOTYPES = YES;
				CLANG_WARN_SUSPICIOUS_MOVE = YES;
				CLANG_WARN_UNGUARDED_AVAILABILITY = YES_AGGRESSIVE;
				CLANG_WARN_UNREACHABLE_CODE = YES;
				CLANG_WARN__DUPLICATE_METHOD_MATCH = YES;
				CODE_SIGN_IDENTITY = "iPhone Developer";
				COPY_PHASE_STRIP = NO;
				DEBUG_INFORMATION_FORMAT = "dwarf-with-dsym";
				ENABLE_NS_ASSERTIONS = NO;
				ENABLE_STRICT_OBJC_MSGSEND = YES;
				GCC_C_LANGUAGE_STANDARD = gnu11;
				GCC_NO_COMMON_BLOCKS = YES;
				GCC_WARN_64_TO_32_BIT_CONVERSION = YES;
				GCC_WARN_ABOUT_RETURN_TYPE = YES_ERROR;
				GCC_WARN_UNDECLARED_SELECTOR = YES;
				GCC_WARN_UNINITIALIZED_AUTOS = YES_AGGRESSIVE;
				GCC_WARN_UNUSED_FUNCTION = YES;
				GCC_WARN_UNUSED_VARIABLE = YES;
				IPHONEOS_DEPLOYMENT_TARGET = 11.4;
				MTL_ENABLE_DEBUG_INFO = NO;
				SDKROOT = iphoneos;
				SWIFT_COMPILATION_MODE = wholemodule;
				SWIFT_OPTIMIZATION_LEVEL = "-O";
				VALIDATE_PRODUCT = YES;
			};
			name = Release;
		};
		ECCFD80E20D16030003DFF96 /* Debug */ = {
			isa = XCBuildConfiguration;
			baseConfigurationReference = 7A6739780BB9FCBC648A4037 /* Pods-UpdaterSystem.debug.xcconfig */;
			buildSettings = {
				ASSETCATALOG_COMPILER_APPICON_NAME = AppIcon;
				CODE_SIGN_IDENTITY = "iPhone Developer";
				CODE_SIGN_STYLE = Automatic;
				DEVELOPMENT_TEAM = P3QC6JMZ7L;
				INFOPLIST_FILE = UpdaterSystem/Info.plist;
				LD_RUNPATH_SEARCH_PATHS = (
					"$(inherited)",
					"@executable_path/Frameworks",
				);
				PRODUCT_BUNDLE_IDENTIFIER = com.redison.UpdaterSystem;
				PRODUCT_NAME = "$(TARGET_NAME)";
				PROVISIONING_PROFILE_SPECIFIER = "";
				SWIFT_VERSION = 4.0;
				TARGETED_DEVICE_FAMILY = "1,2";
			};
			name = Debug;
		};
		ECCFD80F20D16030003DFF96 /* Release */ = {
			isa = XCBuildConfiguration;
			baseConfigurationReference = 7F7E9C8122076BD0BD32F349 /* Pods-UpdaterSystem.release.xcconfig */;
			buildSettings = {
				ASSETCATALOG_COMPILER_APPICON_NAME = AppIcon;
				CODE_SIGN_IDENTITY = "iPhone Developer";
				CODE_SIGN_STYLE = Automatic;
				DEVELOPMENT_TEAM = P3QC6JMZ7L;
				INFOPLIST_FILE = UpdaterSystem/Info.plist;
				LD_RUNPATH_SEARCH_PATHS = (
					"$(inherited)",
					"@executable_path/Frameworks",
				);
				PRODUCT_BUNDLE_IDENTIFIER = com.redison.UpdaterSystem;
				PRODUCT_NAME = "$(TARGET_NAME)";
				PROVISIONING_PROFILE_SPECIFIER = "";
				SWIFT_VERSION = 4.0;
				TARGETED_DEVICE_FAMILY = "1,2";
			};
			name = Release;
		};
		ECCFD81120D16030003DFF96 /* Debug */ = {
			isa = XCBuildConfiguration;
			baseConfigurationReference = B85B121E21B6AE475794F826 /* Pods-UpdaterSystemTests.debug.xcconfig */;
			buildSettings = {
				ALWAYS_EMBED_SWIFT_STANDARD_LIBRARIES = YES;
				BUNDLE_LOADER = "$(TEST_HOST)";
				CODE_SIGN_STYLE = Automatic;
				INFOPLIST_FILE = UpdaterSystemTests/Info.plist;
				LD_RUNPATH_SEARCH_PATHS = (
					"$(inherited)",
					"@executable_path/Frameworks",
					"@loader_path/Frameworks",
				);
				PRODUCT_BUNDLE_IDENTIFIER = com.redison.UpdaterSystemTests;
				PRODUCT_NAME = "$(TARGET_NAME)";
				SWIFT_VERSION = 4.0;
				TARGETED_DEVICE_FAMILY = "1,2";
				TEST_HOST = "$(BUILT_PRODUCTS_DIR)/UpdaterSystem.app/UpdaterSystem";
			};
			name = Debug;
		};
		ECCFD81220D16030003DFF96 /* Release */ = {
			isa = XCBuildConfiguration;
			baseConfigurationReference = 850F939583CC530D285ED977 /* Pods-UpdaterSystemTests.release.xcconfig */;
			buildSettings = {
				ALWAYS_EMBED_SWIFT_STANDARD_LIBRARIES = YES;
				BUNDLE_LOADER = "$(TEST_HOST)";
				CODE_SIGN_STYLE = Automatic;
				INFOPLIST_FILE = UpdaterSystemTests/Info.plist;
				LD_RUNPATH_SEARCH_PATHS = (
					"$(inherited)",
					"@executable_path/Frameworks",
					"@loader_path/Frameworks",
				);
				PRODUCT_BUNDLE_IDENTIFIER = com.redison.UpdaterSystemTests;
				PRODUCT_NAME = "$(TARGET_NAME)";
				SWIFT_VERSION = 4.0;
				TARGETED_DEVICE_FAMILY = "1,2";
				TEST_HOST = "$(BUILT_PRODUCTS_DIR)/UpdaterSystem.app/UpdaterSystem";
			};
			name = Release;
		};
		ECCFD81420D16030003DFF96 /* Debug */ = {
			isa = XCBuildConfiguration;
			baseConfigurationReference = CDA8974AD83577907FF0BC98 /* Pods-UpdaterSystemUITests.debug.xcconfig */;
			buildSettings = {
				ALWAYS_EMBED_SWIFT_STANDARD_LIBRARIES = YES;
				CODE_SIGN_STYLE = Automatic;
				INFOPLIST_FILE = UpdaterSystemUITests/Info.plist;
				LD_RUNPATH_SEARCH_PATHS = (
					"$(inherited)",
					"@executable_path/Frameworks",
					"@loader_path/Frameworks",
				);
				PRODUCT_BUNDLE_IDENTIFIER = com.redison.UpdaterSystemUITests;
				PRODUCT_NAME = "$(TARGET_NAME)";
				SWIFT_VERSION = 4.0;
				TARGETED_DEVICE_FAMILY = "1,2";
				TEST_TARGET_NAME = UpdaterSystem;
			};
			name = Debug;
		};
		ECCFD81520D16030003DFF96 /* Release */ = {
			isa = XCBuildConfiguration;
			baseConfigurationReference = 4ED06E6BF70EDABCA0A4470B /* Pods-UpdaterSystemUITests.release.xcconfig */;
			buildSettings = {
				ALWAYS_EMBED_SWIFT_STANDARD_LIBRARIES = YES;
				CODE_SIGN_STYLE = Automatic;
				INFOPLIST_FILE = UpdaterSystemUITests/Info.plist;
				LD_RUNPATH_SEARCH_PATHS = (
					"$(inherited)",
					"@executable_path/Frameworks",
					"@loader_path/Frameworks",
				);
				PRODUCT_BUNDLE_IDENTIFIER = com.redison.UpdaterSystemUITests;
				PRODUCT_NAME = "$(TARGET_NAME)";
				SWIFT_VERSION = 4.0;
				TARGETED_DEVICE_FAMILY = "1,2";
				TEST_TARGET_NAME = UpdaterSystem;
			};
			name = Release;
		};
/* End XCBuildConfiguration section */

/* Begin XCConfigurationList section */
		ECCFD7E020D1602D003DFF96 /* Build configuration list for PBXProject "UpdaterSystem" */ = {
			isa = XCConfigurationList;
			buildConfigurations = (
				ECCFD80B20D16030003DFF96 /* Debug */,
				ECCFD80C20D16030003DFF96 /* Release */,
			);
			defaultConfigurationIsVisible = 0;
			defaultConfigurationName = Release;
		};
		ECCFD80D20D16030003DFF96 /* Build configuration list for PBXNativeTarget "UpdaterSystem" */ = {
			isa = XCConfigurationList;
			buildConfigurations = (
				ECCFD80E20D16030003DFF96 /* Debug */,
				ECCFD80F20D16030003DFF96 /* Release */,
			);
			defaultConfigurationIsVisible = 0;
			defaultConfigurationName = Release;
		};
		ECCFD81020D16030003DFF96 /* Build configuration list for PBXNativeTarget "UpdaterSystemTests" */ = {
			isa = XCConfigurationList;
			buildConfigurations = (
				ECCFD81120D16030003DFF96 /* Debug */,
				ECCFD81220D16030003DFF96 /* Release */,
			);
			defaultConfigurationIsVisible = 0;
			defaultConfigurationName = Release;
		};
		ECCFD81320D16030003DFF96 /* Build configuration list for PBXNativeTarget "UpdaterSystemUITests" */ = {
			isa = XCConfigurationList;
			buildConfigurations = (
				ECCFD81420D16030003DFF96 /* Debug */,
				ECCFD81520D16030003DFF96 /* Release */,
			);
			defaultConfigurationIsVisible = 0;
			defaultConfigurationName = Release;
		};
/* End XCConfigurationList section */
	};
	rootObject = ECCFD7DD20D1602D003DFF96 /* Project object */;
}
